
Microsoft Visual Studio Solution File, Format Version 12.00
# Visual Studio 2012
Project("{FAE04EC0-301F-11D3-BF4B-00C04F79EFBC}") = "Serius-x", "Serius-x\Serius-x.csproj", "{AA591AF2-8F61-4F06-9342-8C4CC8364728}"
EndProject
Project("{FAE04EC0-301F-11D3-BF4B-00C04F79EFBC}") = "stop_mongo", "stop_mongo\stop_mongo.csproj", "{D61E0ACE-1709-4301-92E4-40038AC0DBF9}"
EndProject
Global
	GlobalSection(SolutionConfigurationPlatforms) = preSolution
		Debug|Any CPU = Debug|Any CPU
		Release|Any CPU = Release|Any CPU
	EndGlobalSection
	GlobalSection(ProjectConfigurationPlatforms) = postSolution
		{AA591AF2-8F61-4F06-9342-8C4CC8364728}.Debug|Any CPU.ActiveCfg = Debug|Any CPU
		{AA591AF2-8F61-4F06-9342-8C4CC8364728}.Debug|Any CPU.Build.0 = Debug|Any CPU
		{AA591AF2-8F61-4F06-9342-8C4CC8364728}.Release|Any CPU.ActiveCfg = Release|Any CPU
		{AA591AF2-8F61-4F06-9342-8C4CC8364728}.Release|Any CPU.Build.0 = Release|Any CPU
		{D61E0ACE-1709-4301-92E4-40038AC0DBF9}.Debug|Any CPU.ActiveCfg = Debug|Any CPU
		{D61E0ACE-1709-4301-92E4-40038AC0DBF9}.Debug|Any CPU.Build.0 = Debug|Any CPU
		{D61E0ACE-1709-4301-92E4-40038AC0DBF9}.Release|Any CPU.ActiveCfg = Release|Any CPU
		{D61E0ACE-1709-4301-92E4-40038AC0DBF9}.Release|Any CPU.Build.0 = Release|Any CPU
	EndGlobalSection
	GlobalSection(SolutionProperties) = preSolution
		HideSolutionNode = FALSE
	EndGlobalSection
EndGlobal
